
Microsoft Visual Studio Solution File, Format Version 12.00
# Visual Studio 14
VisualStudioVersion = 14.0.25123.0
MinimumVisualStudioVersion = 10.0.40219.1
Project("{159641D6-6404-4A2A-AE62-294DE0FE8301}") = "DWBI_Project1", "DWBI_Project1\DWBI_Project1.dtproj", "{89C97D39-8D62-4EEF-BC06-D8502FD56679}"
EndProject
Global
	GlobalSection(SolutionConfigurationPlatforms) = preSolution
		Development|Default = Development|Default
	EndGlobalSection
	GlobalSection(ProjectConfigurationPlatforms) = postSolution
		{89C97D39-8D62-4EEF-BC06-D8502FD56679}.Development|Default.ActiveCfg = Development
		{89C97D39-8D62-4EEF-BC06-D8502FD56679}.Development|Default.Build.0 = Development
	EndGlobalSection
	GlobalSection(SolutionProperties) = preSolution
		HideSolutionNode = FALSE
	EndGlobalSection
EndGlobal
